{
    "_meta": {
        "hash": {
            "sha256": "21120d7e2e924c6e1882747cb6d9b2e342986171c9da58ff45d0a53de1232623"
        },
        "pipfile-spec": 6,
        "requires": {
            "python_version": "3.8"
        },
        "sources": [
            {
                "name": "pypi",
                "url": "https://pypi.python.org/simple",
                "verify_ssl": true
            }
        ]
    },
    "default": {
        "asgiref": {
            "hashes": [
                "sha256:2f8abc20f7248433085eda803936d98992f1343ddb022065779f37c5da0181d0",
                "sha256:88d59c13d634dcffe0510be048210188edd79aeccb6a6c9028cdad6f31d730a9"
            ],
            "index": "pypi",
            "version": "==3.5.0"
        },
        "backports.zoneinfo": {
            "hashes": [
                "sha256:17746bd546106fa389c51dbea67c8b7c8f0d14b5526a579ca6ccf5ed72c526cf",
                "sha256:1b13e654a55cd45672cb54ed12148cd33628f672548f373963b0bff67b217328",
                "sha256:1c5742112073a563c81f786e77514969acb58649bcdf6cdf0b4ed31a348d4546",
                "sha256:4a0f800587060bf8880f954dbef70de6c11bbe59c673c3d818921f042f9954a6",
                "sha256:5c144945a7752ca544b4b78c8c41544cdfaf9786f25fe5ffb10e838e19a27570",
                "sha256:7b0a64cda4145548fed9efc10322770f929b944ce5cee6c0dfe0c87bf4c0c8c9",
                "sha256:8439c030a11780786a2002261569bdf362264f605dfa4d65090b64b05c9f79a7",
                "sha256:8961c0f32cd0336fb8e8ead11a1f8cd99ec07145ec2931122faaac1c8f7fd987",
                "sha256:89a48c0d158a3cc3f654da4c2de1ceba85263fafb861b98b59040a5086259722",
                "sha256:a76b38c52400b762e48131494ba26be363491ac4f9a04c1b7e92483d169f6582",
                "sha256:da6013fd84a690242c310d77ddb8441a559e9cb3d3d59ebac9aca1a57b2e18bc",
                "sha256:e55b384612d93be96506932a786bbcde5a2db7a9e6a4bb4bffe8b733f5b9036b",
                "sha256:e81b76cace8eda1fca50e345242ba977f9be6ae3945af8d46326d776b4cf78d1",
                "sha256:e8236383a20872c0cdf5a62b554b27538db7fa1bbec52429d8d106effbaeca08",
                "sha256:f04e857b59d9d1ccc39ce2da1021d196e47234873820cbeaad210724b1ee28ac",
                "sha256:fadbfe37f74051d024037f223b8e001611eac868b5c5b06144ef4d8b799862f2"
            ],
            "index": "pypi",
            "markers": "python_version < '3.9'",
            "version": "==0.2.1"
        },
        "certifi": {
            "hashes": [
                "sha256:78884e7c1d4b00ce3cea67b44566851c4343c120abd683433ce934a68ea58872",
                "sha256:d62a0163eb4c2344ac042ab2bdf75399a71a2d8c7d47eac2e2ee91b9d6339569"
            ],
            "index": "pypi",
            "version": "==2021.10.8"
        },
        "charset-normalizer": {
            "hashes": [
                "sha256:2842d8f5e82a1f6aa437380934d5e1cd4fcf2003b06fed6940769c164a480a45",
                "sha256:98398a9d69ee80548c762ba991a4728bfc3836768ed226b3945908d1a688371c"
            ],
            "index": "pypi",
            "markers": "python_version >= '3'",
            "version": "==2.0.11"
        },
        "dj-database-url": {
            "hashes": [
                "sha256:4aeaeb1f573c74835b0686a2b46b85990571159ffc21aa57ecd4d1e1cb334163",
                "sha256:851785365761ebe4994a921b433062309eb882fedd318e1b0fcecc607ed02da9"
            ],
            "index": "pypi",
            "version": "==0.5.0"
        },
        "django": {
            "hashes": [
                "sha256:2485eea3cc4c3bae13080dee866ebf90ba9f98d1afe8fda89bfb0eb2e218ef86",
                "sha256:7cd8e8a3ed2bc0dfda05ce1e53a9c81b30eefd7aa350e538a18884475e4d4ce2"
            ],
            "index": "pypi",
            "version": "==4.0.1"
        },
        "gunicorn": {
            "hashes": [
                "sha256:9dcc4547dbb1cb284accfb15ab5667a0e5d1881cc443e0677b4882a4067a807e",
                "sha256:e0a968b5ba15f8a328fdfd7ab1fcb5af4470c28aaf7e55df02a99bc13138e6e8"
            ],
            "index": "pypi",
            "version": "==20.1.0"
        },
        "idna": {
            "hashes": [
                "sha256:84d9dd047ffa80596e0f246e2eab0b391788b0503584e8945f2368256d2735ff",
                "sha256:9d643ff0a55b762d5cdb124b8eaa99c66322e2157b69160bc32796e824360e6d"
            ],
            "index": "pypi",
            "markers": "python_version >= '3'",
            "version": "==3.3"
        },
        "psycopg2": {
            "hashes": [
                "sha256:1ee3f027684db469e3aafa9d4897ed1ca19c599b772e12dca7e61ed1b30ce26e",
                "sha256:224bd45f838f8a714b8e711b4167158d86d01f398c678c46330caf59684a608f",
                "sha256:48c1648d090ca72cf430920fb62f138cd02f9d2b035d2d2654af0a38f28bdc27",
                "sha256:53973aea916a92a172e46b3181fc8f904c9013ae17513ee3029386084449ef07",
                "sha256:60f29f91a88fe7c2d1eb7fb64f3ea99b0bd3d06ea7169e187ccb2cb653f91311",
                "sha256:6b6f745fb3a94a8d48b2e225e14808768ed33c52993ad6319b8f9cb972fec4dd",
                "sha256:70490e12ed9c5c818ecd85d185d363335cc8a8cbf7212e3c185431c79ff8c05c",
                "sha256:83afd42c95ac9e745ba9dcd28c20142ffa85a2ecc628d40fdc85342018ac016b",
                "sha256:863fae11c31f5a7b9ce1e738149793214aad36cff4ca92d7111562e2fdbd7b57",
                "sha256:8c3b69d743e408527208d5ed6aa136b821bbd3cb1e236aa8479ff47ea986769c",
                "sha256:8ffbd1128df23c9fdfc3499084021055b3df7818f12ef87af5b3f33e27d58b0a",
                "sha256:bbc1c4065598146fe804bc0bc23c78429f1cf802ac6290518a371682a1569c4b",
                "sha256:c367d51de53bbe92c5f56dfc32278de79bbe706e64796306a44a6097130fdf84",
                "sha256:ceee85d0b05e2b6e178e8aaa1d7e7ee679e5b712ef7a34798f5136321fe6bb3c",
                "sha256:e03e5df05f85768af112e287cd89eecfce8a8ca2d6db3531402f7f0b0704d749"
            ],
            "index": "pypi",
            "version": "==2.6.2"
        },
        "python-dateutil": {
            "hashes": [
                "sha256:2ae63cf475f0bd049b722fac20813d62aedc14957dd5a3bf00d120d2b5404460",
                "sha256:3e95445c1db500a344079a47b171c45ef18f57d188dffdb0e4165c71bea8eb3d"
            ],
            "index": "pypi",
            "version": "==2.4.2"
        },
        "requests": {
            "hashes": [
                "sha256:68d7c56fd5a8999887728ef304a6d12edc7be74f1cfa47714fc8b414525c9a61",
                "sha256:f22fa1e554c9ddfd16e6e41ac79759e17be9e492b3587efa038054674760e72d"
            ],
            "index": "pypi",
            "version": "==2.27.1"
        },
        "six": {
            "hashes": [
                "sha256:1e61c37477a1626458e36f7b1d82aa5c9b094fa4802892072e49de9c60c4c926",
                "sha256:8abb2f1d86890a2dfb989f9a77cfcfd3e47c2a354b01111771326f8aa26e0254"
            ],
            "index": "pypi",
            "version": "==1.16.0"
        },
        "sqlparse": {
            "hashes": [
                "sha256:0c00730c74263a94e5a9919ade150dfc3b19c574389985446148402998287dae",
                "sha256:48719e356bb8b42991bdbb1e8b83223757b93789c00910a616a071910ca4a64d"
            ],
            "index": "pypi",
            "version": "==0.4.2"
        },
        "tldextract": {
            "hashes": [
                "sha256:77184d7df70497353538f021ec23d3779aa3bdca3015c7c834629efac010b76b"
            ],
            "index": "pypi",
            "version": "==1.6"
        },
        "unicodecsv": {
            "hashes": [
                "sha256:a913fa13a26b4b25058950f8d6231abee855e8a03a0f265274b3ed30a91034a3"
            ],
            "index": "pypi",
            "version": "==0.13.0"
        },
        "urllib3": {
            "hashes": [
                "sha256:000ca7f471a233c2251c6c7023ee85305721bfdf18621ebff4fd17a8653427ed",
                "sha256:0e7c33d9a63e7ddfcb86780aac87befc2fbddf46c58dbb487e0855f7ceec283c"
            ],
            "index": "pypi",
            "version": "==1.26.8"
        },
        "whitenoise": {
            "hashes": [
                "sha256:d234b871b52271ae7ed6d9da47ffe857c76568f11dd30e28e18c5869dbd11e12",
                "sha256:d963ef25639d1417e8a247be36e6aedd8c7c6f0a08adcb5a89146980a96b577c"
            ],
            "index": "pypi",
            "version": "==5.3.0"
        }
    },
    "develop": {}
}
